
Microsoft Visual Studio Solution File, Format Version 12.00
# Visual Studio 14
VisualStudioVersion = 14.0.25420.1
MinimumVisualStudioVersion = 10.0.40219.1
Project("{FAE04EC0-301F-11D3-BF4B-00C04F79EFBC}") = "PImageFrame", "PImageFrame\PImageFrame.csproj", "{48AAB537-7C5C-44BD-816E-A6E019467581}"
EndProject
Project("{FAE04EC0-301F-11D3-BF4B-00C04F79EFBC}") = "BLL", "BLL\BLL.csproj", "{DB0C791E-929E-4497-BD96-D6B04323C273}"
EndProject
Project("{FAE04EC0-301F-11D3-BF4B-00C04F79EFBC}") = "BllRT", "BllRT\BllRT.csproj", "{B1E1E6F9-8922-4DB1-ADBB-12DA24877D75}"
EndProject
Project("{FAE04EC0-301F-11D3-BF4B-00C04F79EFBC}") = "CrossCuttingRT", "CrossCuttingRT\CrossCuttingRT.csproj", "{4A5BFB9D-5242-433F-AC56-AF2F9370D8EB}"
EndProject
Project("{262852C6-CD72-467D-83FE-5EEB1973A190}") = "PImageFrameJS", "PImageFrameJS\PImageFrameJS.jsproj", "{D0C4DFE3-6301-4838-B05B-31032CD567C9}"
EndProject
Project("{FAE04EC0-301F-11D3-BF4B-00C04F79EFBC}") = "DataCollector", "DataCollector\DataCollector.csproj", "{A9274D19-B02D-46B3-BAB3-493744D3550F}"
EndProject
Global
	GlobalSection(SolutionConfigurationPlatforms) = preSolution
		Debug|Any CPU = Debug|Any CPU
		Debug|ARM = Debug|ARM
		Debug|x64 = Debug|x64
		Debug|x86 = Debug|x86
		Release|Any CPU = Release|Any CPU
		Release|ARM = Release|ARM
		Release|x64 = Release|x64
		Release|x86 = Release|x86
	EndGlobalSection
	GlobalSection(ProjectConfigurationPlatforms) = postSolution
		{48AAB537-7C5C-44BD-816E-A6E019467581}.Debug|Any CPU.ActiveCfg = Debug|x86
		{48AAB537-7C5C-44BD-816E-A6E019467581}.Debug|ARM.ActiveCfg = Debug|ARM
		{48AAB537-7C5C-44BD-816E-A6E019467581}.Debug|ARM.Build.0 = Debug|ARM
		{48AAB537-7C5C-44BD-816E-A6E019467581}.Debug|ARM.Deploy.0 = Debug|ARM
		{48AAB537-7C5C-44BD-816E-A6E019467581}.Debug|x64.ActiveCfg = Debug|x64
		{48AAB537-7C5C-44BD-816E-A6E019467581}.Debug|x64.Build.0 = Debug|x64
		{48AAB537-7C5C-44BD-816E-A6E019467581}.Debug|x64.Deploy.0 = Debug|x64
		{48AAB537-7C5C-44BD-816E-A6E019467581}.Debug|x86.ActiveCfg = Debug|x86
		{48AAB537-7C5C-44BD-816E-A6E019467581}.Debug|x86.Build.0 = Debug|x86
		{48AAB537-7C5C-44BD-816E-A6E019467581}.Debug|x86.Deploy.0 = Debug|x86
		{48AAB537-7C5C-44BD-816E-A6E019467581}.Release|Any CPU.ActiveCfg = Release|x86
		{48AAB537-7C5C-44BD-816E-A6E019467581}.Release|ARM.ActiveCfg = Release|ARM
		{48AAB537-7C5C-44BD-816E-A6E019467581}.Release|ARM.Build.0 = Release|ARM
		{48AAB537-7C5C-44BD-816E-A6E019467581}.Release|ARM.Deploy.0 = Release|ARM
		{48AAB537-7C5C-44BD-816E-A6E019467581}.Release|x64.ActiveCfg = Release|x64
		{48AAB537-7C5C-44BD-816E-A6E019467581}.Release|x64.Build.0 = Release|x64
		{48AAB537-7C5C-44BD-816E-A6E019467581}.Release|x64.Deploy.0 = Release|x64
		{48AAB537-7C5C-44BD-816E-A6E019467581}.Release|x86.ActiveCfg = Release|x86
		{48AAB537-7C5C-44BD-816E-A6E019467581}.Release|x86.Build.0 = Release|x86
		{48AAB537-7C5C-44BD-816E-A6E019467581}.Release|x86.Deploy.0 = Release|x86
		{DB0C791E-929E-4497-BD96-D6B04323C273}.Debug|Any CPU.ActiveCfg = Debug|Any CPU
		{DB0C791E-929E-4497-BD96-D6B04323C273}.Debug|Any CPU.Build.0 = Debug|Any CPU
		{DB0C791E-929E-4497-BD96-D6B04323C273}.Debug|ARM.ActiveCfg = Debug|ARM
		{DB0C791E-929E-4497-BD96-D6B04323C273}.Debug|ARM.Build.0 = Debug|ARM
		{DB0C791E-929E-4497-BD96-D6B04323C273}.Debug|x64.ActiveCfg = Debug|x64
		{DB0C791E-929E-4497-BD96-D6B04323C273}.Debug|x64.Build.0 = Debug|x64
		{DB0C791E-929E-4497-BD96-D6B04323C273}.Debug|x86.ActiveCfg = Debug|x86
		{DB0C791E-929E-4497-BD96-D6B04323C273}.Debug|x86.Build.0 = Debug|x86
		{DB0C791E-929E-4497-BD96-D6B04323C273}.Release|Any CPU.ActiveCfg = Release|Any CPU
		{DB0C791E-929E-4497-BD96-D6B04323C273}.Release|Any CPU.Build.0 = Release|Any CPU
		{DB0C791E-929E-4497-BD96-D6B04323C273}.Release|ARM.ActiveCfg = Release|ARM
		{DB0C791E-929E-4497-BD96-D6B04323C273}.Release|ARM.Build.0 = Release|ARM
		{DB0C791E-929E-4497-BD96-D6B04323C273}.Release|x64.ActiveCfg = Release|x64
		{DB0C791E-929E-4497-BD96-D6B04323C273}.Release|x64.Build.0 = Release|x64
		{DB0C791E-929E-4497-BD96-D6B04323C273}.Release|x86.ActiveCfg = Release|x86
		{DB0C791E-929E-4497-BD96-D6B04323C273}.Release|x86.Build.0 = Release|x86
		{B1E1E6F9-8922-4DB1-ADBB-12DA24877D75}.Debug|Any CPU.ActiveCfg = Debug|Any CPU
		{B1E1E6F9-8922-4DB1-ADBB-12DA24877D75}.Debug|Any CPU.Build.0 = Debug|Any CPU
		{B1E1E6F9-8922-4DB1-ADBB-12DA24877D75}.Debug|ARM.ActiveCfg = Debug|ARM
		{B1E1E6F9-8922-4DB1-ADBB-12DA24877D75}.Debug|ARM.Build.0 = Debug|ARM
		{B1E1E6F9-8922-4DB1-ADBB-12DA24877D75}.Debug|x64.ActiveCfg = Debug|x64
		{B1E1E6F9-8922-4DB1-ADBB-12DA24877D75}.Debug|x64.Build.0 = Debug|x64
		{B1E1E6F9-8922-4DB1-ADBB-12DA24877D75}.Debug|x86.ActiveCfg = Debug|x86
		{B1E1E6F9-8922-4DB1-ADBB-12DA24877D75}.Debug|x86.Build.0 = Debug|x86
		{B1E1E6F9-8922-4DB1-ADBB-12DA24877D75}.Release|Any CPU.ActiveCfg = Release|Any CPU
		{B1E1E6F9-8922-4DB1-ADBB-12DA24877D75}.Release|Any CPU.Build.0 = Release|Any CPU
		{B1E1E6F9-8922-4DB1-ADBB-12DA24877D75}.Release|ARM.ActiveCfg = Release|ARM
		{B1E1E6F9-8922-4DB1-ADBB-12DA24877D75}.Release|ARM.Build.0 = Release|ARM
		{B1E1E6F9-8922-4DB1-ADBB-12DA24877D75}.Release|x64.ActiveCfg = Release|x64
		{B1E1E6F9-8922-4DB1-ADBB-12DA24877D75}.Release|x64.Build.0 = Release|x64
		{B1E1E6F9-8922-4DB1-ADBB-12DA24877D75}.Release|x86.ActiveCfg = Release|x86
		{B1E1E6F9-8922-4DB1-ADBB-12DA24877D75}.Release|x86.Build.0 = Release|x86
		{4A5BFB9D-5242-433F-AC56-AF2F9370D8EB}.Debug|Any CPU.ActiveCfg = Debug|Any CPU
		{4A5BFB9D-5242-433F-AC56-AF2F9370D8EB}.Debug|Any CPU.Build.0 = Debug|Any CPU
		{4A5BFB9D-5242-433F-AC56-AF2F9370D8EB}.Debug|ARM.ActiveCfg = Debug|ARM
		{4A5BFB9D-5242-433F-AC56-AF2F9370D8EB}.Debug|ARM.Build.0 = Debug|ARM
		{4A5BFB9D-5242-433F-AC56-AF2F9370D8EB}.Debug|x64.ActiveCfg = Debug|x64
		{4A5BFB9D-5242-433F-AC56-AF2F9370D8EB}.Debug|x64.Build.0 = Debug|x64
		{4A5BFB9D-5242-433F-AC56-AF2F9370D8EB}.Debug|x86.ActiveCfg = Debug|x86
		{4A5BFB9D-5242-433F-AC56-AF2F9370D8EB}.Debug|x86.Build.0 = Debug|x86
		{4A5BFB9D-5242-433F-AC56-AF2F9370D8EB}.Release|Any CPU.ActiveCfg = Release|Any CPU
		{4A5BFB9D-5242-433F-AC56-AF2F9370D8EB}.Release|Any CPU.Build.0 = Release|Any CPU
		{4A5BFB9D-5242-433F-AC56-AF2F9370D8EB}.Release|ARM.ActiveCfg = Release|ARM
		{4A5BFB9D-5242-433F-AC56-AF2F9370D8EB}.Release|ARM.Build.0 = Release|ARM
		{4A5BFB9D-5242-433F-AC56-AF2F9370D8EB}.Release|x64.ActiveCfg = Release|x64
		{4A5BFB9D-5242-433F-AC56-AF2F9370D8EB}.Release|x64.Build.0 = Release|x64
		{4A5BFB9D-5242-433F-AC56-AF2F9370D8EB}.Release|x86.ActiveCfg = Release|x86
		{4A5BFB9D-5242-433F-AC56-AF2F9370D8EB}.Release|x86.Build.0 = Release|x86
		{D0C4DFE3-6301-4838-B05B-31032CD567C9}.Debug|Any CPU.ActiveCfg = Debug|Any CPU
		{D0C4DFE3-6301-4838-B05B-31032CD567C9}.Debug|Any CPU.Build.0 = Debug|Any CPU
		{D0C4DFE3-6301-4838-B05B-31032CD567C9}.Debug|Any CPU.Deploy.0 = Debug|Any CPU
		{D0C4DFE3-6301-4838-B05B-31032CD567C9}.Debug|ARM.ActiveCfg = Debug|ARM
		{D0C4DFE3-6301-4838-B05B-31032CD567C9}.Debug|ARM.Build.0 = Debug|ARM
		{D0C4DFE3-6301-4838-B05B-31032CD567C9}.Debug|ARM.Deploy.0 = Debug|ARM
		{D0C4DFE3-6301-4838-B05B-31032CD567C9}.Debug|x64.ActiveCfg = Debug|x64
		{D0C4DFE3-6301-4838-B05B-31032CD567C9}.Debug|x64.Build.0 = Debug|x64
		{D0C4DFE3-6301-4838-B05B-31032CD567C9}.Debug|x64.Deploy.0 = Debug|x64
		{D0C4DFE3-6301-4838-B05B-31032CD567C9}.Debug|x86.ActiveCfg = Debug|x86
		{D0C4DFE3-6301-4838-B05B-31032CD567C9}.Debug|x86.Build.0 = Debug|x86
		{D0C4DFE3-6301-4838-B05B-31032CD567C9}.Debug|x86.Deploy.0 = Debug|x86
		{D0C4DFE3-6301-4838-B05B-31032CD567C9}.Release|Any CPU.ActiveCfg = Release|Any CPU
		{D0C4DFE3-6301-4838-B05B-31032CD567C9}.Release|Any CPU.Build.0 = Release|Any CPU
		{D0C4DFE3-6301-4838-B05B-31032CD567C9}.Release|Any CPU.Deploy.0 = Release|Any CPU
		{D0C4DFE3-6301-4838-B05B-31032CD567C9}.Release|ARM.ActiveCfg = Release|ARM
		{D0C4DFE3-6301-4838-B05B-31032CD567C9}.Release|ARM.Build.0 = Release|ARM
		{D0C4DFE3-6301-4838-B05B-31032CD567C9}.Release|ARM.Deploy.0 = Release|ARM
		{D0C4DFE3-6301-4838-B05B-31032CD567C9}.Release|x64.ActiveCfg = Release|x64
		{D0C4DFE3-6301-4838-B05B-31032CD567C9}.Release|x64.Build.0 = Release|x64
		{D0C4DFE3-6301-4838-B05B-31032CD567C9}.Release|x64.Deploy.0 = Release|x64
		{D0C4DFE3-6301-4838-B05B-31032CD567C9}.Release|x86.ActiveCfg = Release|x86
		{D0C4DFE3-6301-4838-B05B-31032CD567C9}.Release|x86.Build.0 = Release|x86
		{D0C4DFE3-6301-4838-B05B-31032CD567C9}.Release|x86.Deploy.0 = Release|x86
		{A9274D19-B02D-46B3-BAB3-493744D3550F}.Debug|Any CPU.ActiveCfg = Debug|x86
		{A9274D19-B02D-46B3-BAB3-493744D3550F}.Debug|ARM.ActiveCfg = Debug|ARM
		{A9274D19-B02D-46B3-BAB3-493744D3550F}.Debug|ARM.Build.0 = Debug|ARM
		{A9274D19-B02D-46B3-BAB3-493744D3550F}.Debug|ARM.Deploy.0 = Debug|ARM
		{A9274D19-B02D-46B3-BAB3-493744D3550F}.Debug|x64.ActiveCfg = Debug|x64
		{A9274D19-B02D-46B3-BAB3-493744D3550F}.Debug|x64.Build.0 = Debug|x64
		{A9274D19-B02D-46B3-BAB3-493744D3550F}.Debug|x64.Deploy.0 = Debug|x64
		{A9274D19-B02D-46B3-BAB3-493744D3550F}.Debug|x86.ActiveCfg = Debug|x86
		{A9274D19-B02D-46B3-BAB3-493744D3550F}.Debug|x86.Build.0 = Debug|x86
		{A9274D19-B02D-46B3-BAB3-493744D3550F}.Debug|x86.Deploy.0 = Debug|x86
		{A9274D19-B02D-46B3-BAB3-493744D3550F}.Release|Any CPU.ActiveCfg = Release|x86
		{A9274D19-B02D-46B3-BAB3-493744D3550F}.Release|ARM.ActiveCfg = Release|ARM
		{A9274D19-B02D-46B3-BAB3-493744D3550F}.Release|ARM.Build.0 = Release|ARM
		{A9274D19-B02D-46B3-BAB3-493744D3550F}.Release|ARM.Deploy.0 = Release|ARM
		{A9274D19-B02D-46B3-BAB3-493744D3550F}.Release|x64.ActiveCfg = Release|x64
		{A9274D19-B02D-46B3-BAB3-493744D3550F}.Release|x64.Build.0 = Release|x64
		{A9274D19-B02D-46B3-BAB3-493744D3550F}.Release|x64.Deploy.0 = Release|x64
		{A9274D19-B02D-46B3-BAB3-493744D3550F}.Release|x86.ActiveCfg = Release|x86
		{A9274D19-B02D-46B3-BAB3-493744D3550F}.Release|x86.Build.0 = Release|x86
		{A9274D19-B02D-46B3-BAB3-493744D3550F}.Release|x86.Deploy.0 = Release|x86
	EndGlobalSection
	GlobalSection(SolutionProperties) = preSolution
		HideSolutionNode = FALSE
	EndGlobalSection
EndGlobal
